
Microsoft Visual Studio Solution File, Format Version 12.00
# Visual Studio Version 17
VisualStudioVersion = 17.8.34511.84
MinimumVisualStudioVersion = 10.0.40219.1
Project("{FAE04EC0-301F-11D3-BF4B-00C04F79EFBC}") = "SocialMedia", "SocialMedia\SocialMedia.csproj", "{4E6C21A2-AAA2-473C-8B28-2D90C122004D}"
EndProject
Project("{FAE04EC0-301F-11D3-BF4B-00C04F79EFBC}") = "SocialMedia.Data", "SocialMedia.Data\SocialMedia.Data.csproj", "{AD46A4D0-1018-45F3-A936-57F5E0897814}"
EndProject
Project("{FAE04EC0-301F-11D3-BF4B-00C04F79EFBC}") = "SocialMedia.Services", "SocialMedia.Services\SocialMedia.Services.csproj", "{67F33AB7-7B91-4329-BE3A-BF3D1B235E47}"
EndProject
Project("{FAE04EC0-301F-11D3-BF4B-00C04F79EFBC}") = "SocialMedia.Common", "SocialMedia.Common\SocialMedia.Common.csproj", "{54467745-A4A1-47DE-8448-7DBC96BF21EE}"
EndProject
Global
	GlobalSection(SolutionConfigurationPlatforms) = preSolution
		Debug|Any CPU = Debug|Any CPU
		Release|Any CPU = Release|Any CPU
	EndGlobalSection
	GlobalSection(ProjectConfigurationPlatforms) = postSolution
		{4E6C21A2-AAA2-473C-8B28-2D90C122004D}.Debug|Any CPU.ActiveCfg = Debug|Any CPU
		{4E6C21A2-AAA2-473C-8B28-2D90C122004D}.Debug|Any CPU.Build.0 = Debug|Any CPU
		{4E6C21A2-AAA2-473C-8B28-2D90C122004D}.Release|Any CPU.ActiveCfg = Release|Any CPU
		{4E6C21A2-AAA2-473C-8B28-2D90C122004D}.Release|Any CPU.Build.0 = Release|Any CPU
		{AD46A4D0-1018-45F3-A936-57F5E0897814}.Debug|Any CPU.ActiveCfg = Debug|Any CPU
		{AD46A4D0-1018-45F3-A936-57F5E0897814}.Debug|Any CPU.Build.0 = Debug|Any CPU
		{AD46A4D0-1018-45F3-A936-57F5E0897814}.Release|Any CPU.ActiveCfg = Release|Any CPU
		{AD46A4D0-1018-45F3-A936-57F5E0897814}.Release|Any CPU.Build.0 = Release|Any CPU
		{67F33AB7-7B91-4329-BE3A-BF3D1B235E47}.Debug|Any CPU.ActiveCfg = Debug|Any CPU
		{67F33AB7-7B91-4329-BE3A-BF3D1B235E47}.Debug|Any CPU.Build.0 = Debug|Any CPU
		{67F33AB7-7B91-4329-BE3A-BF3D1B235E47}.Release|Any CPU.ActiveCfg = Release|Any CPU
		{67F33AB7-7B91-4329-BE3A-BF3D1B235E47}.Release|Any CPU.Build.0 = Release|Any CPU
		{54467745-A4A1-47DE-8448-7DBC96BF21EE}.Debug|Any CPU.ActiveCfg = Debug|Any CPU
		{54467745-A4A1-47DE-8448-7DBC96BF21EE}.Debug|Any CPU.Build.0 = Debug|Any CPU
		{54467745-A4A1-47DE-8448-7DBC96BF21EE}.Release|Any CPU.ActiveCfg = Release|Any CPU
		{54467745-A4A1-47DE-8448-7DBC96BF21EE}.Release|Any CPU.Build.0 = Release|Any CPU
	EndGlobalSection
	GlobalSection(SolutionProperties) = preSolution
		HideSolutionNode = FALSE
	EndGlobalSection
	GlobalSection(ExtensibilityGlobals) = postSolution
		SolutionGuid = {4864E8C2-B6B0-451D-B6C0-8CBF344F4E1A}
	EndGlobalSection
EndGlobal
